// !$*UTF8*$!
{
	archiveVersion = 1;
	classes = {
	};
	objectVersion = 46;
	objects = {

/* Begin PBXBuildFile section */
		5B298D031B73ABA5004C9B15 /* main.m in Sources */ = {isa = PBXBuildFile; fileRef = 5B298D021B73ABA5004C9B15 /* main.m */; };
		5B298D061B73ABA5004C9B15 /* AppDelegate.m in Sources */ = {isa = PBXBuildFile; fileRef = 5B298D051B73ABA5004C9B15 /* AppDelegate.m */; };
		5B298D0C1B73ABA5004C9B15 /* Main.storyboard in Resources */ = {isa = PBXBuildFile; fileRef = 5B298D0A1B73ABA5004C9B15 /* Main.storyboard */; };
		5B298D0E1B73ABA5004C9B15 /* Images.xcassets in Resources */ = {isa = PBXBuildFile; fileRef = 5B298D0D1B73ABA5004C9B15 /* Images.xcassets */; };
		5B298D291B73AC12004C9B15 /* AZSoundManager.m in Sources */ = {isa = PBXBuildFile; fileRef = 5B298D281B73AC12004C9B15 /* AZSoundManager.m */; };
		5B298D301B73ADE9004C9B15 /* AZSoundItem.m in Sources */ = {isa = PBXBuildFile; fileRef = 5B298D2F1B73ADE9004C9B15 /* AZSoundItem.m */; };
		5B2A2BAC1B73F341000FEDFD /* PlayerViewController.m in Sources */ = {isa = PBXBuildFile; fileRef = 5B2A2BAB1B73F341000FEDFD /* PlayerViewController.m */; };
		5B2A2BB21B74E5D9000FEDFD /* demo.mp3 in Resources */ = {isa = PBXBuildFile; fileRef = 5B2A2BB11B74E5D9000FEDFD /* demo.mp3 */; };
/* End PBXBuildFile section */

/* Begin PBXFileReference section */
		5B298CFD1B73ABA5004C9B15 /* AZSoundManagerDemo.app */ = {isa = PBXFileReference; explicitFileType = wrapper.application; includeInIndex = 0; path = AZSoundManagerDemo.app; sourceTree = BUILT_PRODUCTS_DIR; };
		5B298D011B73ABA5004C9B15 /* Info.plist */ = {isa = PBXFileReference; lastKnownFileType = text.plist.xml; path = Info.plist; sourceTree = "<group>"; };
		5B298D021B73ABA5004C9B15 /* main.m */ = {isa = PBXFileReference; lastKnownFileType = sourcecode.c.objc; path = main.m; sourceTree = "<group>"; };
		5B298D041B73ABA5004C9B15 /* AppDelegate.h */ = {isa = PBXFileReference; lastKnownFileType = sourcecode.c.h; path = AppDelegate.h; sourceTree = "<group>"; };
		5B298D051B73ABA5004C9B15 /* AppDelegate.m */ = {isa = PBXFileReference; lastKnownFileType = sourcecode.c.objc; path = AppDelegate.m; sourceTree = "<group>"; };
		5B298D0B1B73ABA5004C9B15 /* Base */ = {isa = PBXFileReference; lastKnownFileType = file.storyboard; name = Base; path = Base.lproj/Main.storyboard; sourceTree = "<group>"; };
		5B298D0D1B73ABA5004C9B15 /* Images.xcassets */ = {isa = PBXFileReference; lastKnownFileType = folder.assetcatalog; path = Images.xcassets; sourceTree = "<group>"; };
		5B298D271B73AC12004C9B15 /* AZSoundManager.h */ = {isa = PBXFileReference; fileEncoding = 4; lastKnownFileType = sourcecode.c.h; path = AZSoundManager.h; sourceTree = "<group>"; };
		5B298D281B73AC12004C9B15 /* AZSoundManager.m */ = {isa = PBXFileReference; fileEncoding = 4; lastKnownFileType = sourcecode.c.objc; path = AZSoundManager.m; sourceTree = "<group>"; };
		5B298D2E1B73ADE9004C9B15 /* AZSoundItem.h */ = {isa = PBXFileReference; fileEncoding = 4; lastKnownFileType = sourcecode.c.h; path = AZSoundItem.h; sourceTree = "<group>"; };
		5B298D2F1B73ADE9004C9B15 /* AZSoundItem.m */ = {isa = PBXFileReference; fileEncoding = 4; lastKnownFileType = sourcecode.c.objc; path = AZSoundItem.m; sourceTree = "<group>"; };
		5B2A2BAA1B73F341000FEDFD /* PlayerViewController.h */ = {isa = PBXFileReference; fileEncoding = 4; lastKnownFileType = sourcecode.c.h; path = PlayerViewController.h; sourceTree = "<group>"; };
		5B2A2BAB1B73F341000FEDFD /* PlayerViewController.m */ = {isa = PBXFileReference; fileEncoding = 4; lastKnownFileType = sourcecode.c.objc; path = PlayerViewController.m; sourceTree = "<group>"; };
		5B2A2BB11B74E5D9000FEDFD /* demo.mp3 */ = {isa = PBXFileReference; lastKnownFileType = audio.mp3; path = demo.mp3; sourceTree = "<group>"; };
/* End PBXFileReference section */

/* Begin PBXFrameworksBuildPhase section */
		5B298CFA1B73ABA5004C9B15 /* Frameworks */ = {
			isa = PBXFrameworksBuildPhase;
			buildActionMask = 2147483647;
			files = (
			);
			runOnlyForDeploymentPostprocessing = 0;
		};
/* End PBXFrameworksBuildPhase section */

/* Begin PBXGroup section */
		5B298CF41B73ABA5004C9B15 = {
			isa = PBXGroup;
			children = (
				5B298D261B73ABED004C9B15 /* AZSoundManager */,
				5B298CFF1B73ABA5004C9B15 /* AZSoundManagerDemo */,
				5B298CFE1B73ABA5004C9B15 /* Products */,
			);
			sourceTree = "<group>";
		};
		5B298CFE1B73ABA5004C9B15 /* Products */ = {
			isa = PBXGroup;
			children = (
				5B298CFD1B73ABA5004C9B15 /* AZSoundManagerDemo.app */,
			);
			name = Products;
			sourceTree = "<group>";
		};
		5B298CFF1B73ABA5004C9B15 /* AZSoundManagerDemo */ = {
			isa = PBXGroup;
			children = (
				5B2A2BA71B73F329000FEDFD /* Sounds */,
				5B298D2A1B73AD20004C9B15 /* Controllers */,
				5B298D0A1B73ABA5004C9B15 /* Main.storyboard */,
				5B298D0D1B73ABA5004C9B15 /* Images.xcassets */,
				5B298D001B73ABA5004C9B15 /* Supporting Files */,
			);
			path = AZSoundManagerDemo;
			sourceTree = "<group>";
		};
		5B298D001B73ABA5004C9B15 /* Supporting Files */ = {
			isa = PBXGroup;
			children = (
				5B298D041B73ABA5004C9B15 /* AppDelegate.h */,
				5B298D051B73ABA5004C9B15 /* AppDelegate.m */,
				5B298D011B73ABA5004C9B15 /* Info.plist */,
				5B298D021B73ABA5004C9B15 /* main.m */,
			);
			name = "Supporting Files";
			sourceTree = "<group>";
		};
		5B298D261B73ABED004C9B15 /* AZSoundManager */ = {
			isa = PBXGroup;
			children = (
				5B298D271B73AC12004C9B15 /* AZSoundManager.h */,
				5B298D281B73AC12004C9B15 /* AZSoundManager.m */,
				5B298D2E1B73ADE9004C9B15 /* AZSoundItem.h */,
				5B298D2F1B73ADE9004C9B15 /* AZSoundItem.m */,
			);
			name = AZSoundManager;
			path = ../../AZSoundManager;
			sourceTree = "<group>";
		};
		5B298D2A1B73AD20004C9B15 /* Controllers */ = {
			isa = PBXGroup;
			children = (
				5B2A2BAA1B73F341000FEDFD /* PlayerViewController.h */,
				5B2A2BAB1B73F341000FEDFD /* PlayerViewController.m */,
			);
			path = Controllers;
			sourceTree = "<group>";
		};
		5B2A2BA71B73F329000FEDFD /* Sounds */ = {
			isa = PBXGroup;
			children = (
				5B2A2BB11B74E5D9000FEDFD /* demo.mp3 */,
			);
			path = Sounds;
			sourceTree = "<group>";
		};
/* End PBXGroup section */

/* Begin PBXNativeTarget section */
		5B298CFC1B73ABA5004C9B15 /* AZSoundManagerDemo */ = {
			isa = PBXNativeTarget;
			buildConfigurationList = 5B298D201B73ABA5004C9B15 /* Build configuration list for PBXNativeTarget "AZSoundManagerDemo" */;
			buildPhases = (
				5B298CF91B73ABA5004C9B15 /* Sources */,
				5B298CFA1B73ABA5004C9B15 /* Frameworks */,
				5B298CFB1B73ABA5004C9B15 /* Resources */,
			);
			buildRules = (
			);
			dependencies = (
			);
			name = AZSoundManagerDemo;
			productName = AZSoundManagerDemo;
			productReference = 5B298CFD1B73ABA5004C9B15 /* AZSoundManagerDemo.app */;
			productType = "com.apple.product-type.application";
		};
/* End PBXNativeTarget section */

/* Begin PBXProject section */
		5B298CF51B73ABA5004C9B15 /* Project object */ = {
			isa = PBXProject;
			attributes = {
				LastUpgradeCheck = 0640;
				ORGANIZATIONNAME = "aleksey.zunov@gmail.com";
				TargetAttributes = {
					5B298CFC1B73ABA5004C9B15 = {
						CreatedOnToolsVersion = 6.4;
					};
				};
			};
			buildConfigurationList = 5B298CF81B73ABA5004C9B15 /* Build configuration list for PBXProject "AZSoundManagerDemo" */;
			compatibilityVersion = "Xcode 3.2";
			developmentRegion = English;
			hasScannedForEncodings = 0;
			knownRegions = (
				en,
				Base,
			);
			mainGroup = 5B298CF41B73ABA5004C9B15;
			productRefGroup = 5B298CFE1B73ABA5004C9B15 /* Products */;
			projectDirPath = "";
			projectRoot = "";
			targets = (
				5B298CFC1B73ABA5004C9B15 /* AZSoundManagerDemo */,
			);
		};
/* End PBXProject section */

/* Begin PBXResourcesBuildPhase section */
		5B298CFB1B73ABA5004C9B15 /* Resources */ = {
			isa = PBXResourcesBuildPhase;
			buildActionMask = 2147483647;
			files = (
				5B298D0C1B73ABA5004C9B15 /* Main.storyboard in Resources */,
				5B298D0E1B73ABA5004C9B15 /* Images.xcassets in Resources */,
				5B2A2BB21B74E5D9000FEDFD /* demo.mp3 in Resources */,
			);
			runOnlyForDeploymentPostprocessing = 0;
		};
/* End PBXResourcesBuildPhase section */

/* Begin PBXSourcesBuildPhase section */
		5B298CF91B73ABA5004C9B15 /* Sources */ = {
			isa = PBXSourcesBuildPhase;
			buildActionMask = 2147483647;
			files = (
				5B298D061B73ABA5004C9B15 /* AppDelegate.m in Sources */,
				5B298D291B73AC12004C9B15 /* AZSoundManager.m in Sources */,
				5B298D031B73ABA5004C9B15 /* main.m in Sources */,
				5B298D301B73ADE9004C9B15 /* AZSoundItem.m in Sources */,
				5B2A2BAC1B73F341000FEDFD /* PlayerViewController.m in Sources */,
			);
			runOnlyForDeploymentPostprocessing = 0;
		};
/* End PBXSourcesBuildPhase section */

/* Begin PBXVariantGroup section */
		5B298D0A1B73ABA5004C9B15 /* Main.storyboard */ = {
			isa = PBXVariantGroup;
			children = (
				5B298D0B1B73ABA5004C9B15 /* Base */,
			);
			name = Main.storyboard;
			sourceTree = "<group>";
		};
/* End PBXVariantGroup section */

/* Begin XCBuildConfiguration section */
		5B298D1E1B73ABA5004C9B15 /* Debug */ = {
			isa = XCBuildConfiguration;
			buildSettings = {
				ALWAYS_SEARCH_USER_PATHS = NO;
				CLANG_CXX_LANGUAGE_STANDARD = "gnu++0x";
				CLANG_CXX_LIBRARY = "libc++";
				CLANG_ENABLE_MODULES = YES;
				CLANG_ENABLE_OBJC_ARC = YES;
				CLANG_WARN_BOOL_CONVERSION = YES;
				CLANG_WARN_CONSTANT_CONVERSION = YES;
				CLANG_WARN_DIRECT_OBJC_ISA_USAGE = YES_ERROR;
				CLANG_WARN_EMPTY_BODY = YES;
				CLANG_WARN_ENUM_CONVERSION = YES;
				CLANG_WARN_INT_CONVERSION = YES;
				CLANG_WARN_OBJC_ROOT_CLASS = YES_ERROR;
				CLANG_WARN_UNREACHABLE_CODE = YES;
				CLANG_WARN__DUPLICATE_METHOD_MATCH = YES;
				"CODE_SIGN_IDENTITY[sdk=iphoneos*]" = "iPhone Developer";
				COPY_PHASE_STRIP = NO;
				DEBUG_INFORMATION_FORMAT = "dwarf-with-dsym";
				ENABLE_STRICT_OBJC_MSGSEND = YES;
				GCC_C_LANGUAGE_STANDARD = gnu99;
				GCC_DYNAMIC_NO_PIC = NO;
				GCC_NO_COMMON_BLOCKS = YES;
				GCC_OPTIMIZATION_LEVEL = 0;
				GCC_PREPROCESSOR_DEFINITIONS = (
					"DEBUG=1",
					"$(inherited)",
				);
				GCC_SYMBOLS_PRIVATE_EXTERN = NO;
				GCC_WARN_64_TO_32_BIT_CONVERSION = YES;
				GCC_WARN_ABOUT_RETURN_TYPE = YES_ERROR;
				GCC_WARN_UNDECLARED_SELECTOR = YES;
				GCC_WARN_UNINITIALIZED_AUTOS = YES_AGGRESSIVE;
				GCC_WARN_UNUSED_FUNCTION = YES;
				GCC_WARN_UNUSED_VARIABLE = YES;
				IPHONEOS_DEPLOYMENT_TARGET = 8.0;
				MTL_ENABLE_DEBUG_INFO = YES;
				ONLY_ACTIVE_ARCH = YES;
				SDKROOT = iphoneos;
				TARGETED_DEVICE_FAMILY = "1,2";
			};
			name = Debug;
		};
		5B298D1F1B73ABA5004C9B15 /* Release */ = {
			isa = XCBuildConfiguration;
			buildSettings = {
				ALWAYS_SEARCH_USER_PATHS = NO;
				CLANG_CXX_LANGUAGE_STANDARD = "gnu++0x";
				CLANG_CXX_LIBRARY = "libc++";
				CLANG_ENABLE_MODULES = YES;
				CLANG_ENABLE_OBJC_ARC = YES;
				CLANG_WARN_BOOL_CONVERSION = YES;
				CLANG_WARN_CONSTANT_CONVERSION = YES;
				CLANG_WARN_DIRECT_OBJC_ISA_USAGE = YES_ERROR;
				CLANG_WARN_EMPTY_BODY = YES;
				CLANG_WARN_ENUM_CONVERSION = YES;
				CLANG_WARN_INT_CONVERSION = YES;
				CLANG_WARN_OBJC_ROOT_CLASS = YES_ERROR;
				CLANG_WARN_UNREACHABLE_CODE = YES;
				CLANG_WARN__DUPLICATE_METHOD_MATCH = YES;
				"CODE_SIGN_IDENTITY[sdk=iphoneos*]" = "iPhone Developer";
				COPY_PHASE_STRIP = NO;
				DEBUG_INFORMATION_FORMAT = "dwarf-with-dsym";
				ENABLE_NS_ASSERTIONS = NO;
				ENABLE_STRICT_OBJC_MSGSEND = YES;
				GCC_C_LANGUAGE_STANDARD = gnu99;
				GCC_NO_COMMON_BLOCKS = YES;
				GCC_WARN_64_TO_32_BIT_CONVERSION = YES;
				GCC_WARN_ABOUT_RETURN_TYPE = YES_ERROR;
				GCC_WARN_UNDECLARED_SELECTOR = YES;
				GCC_WARN_UNINITIALIZED_AUTOS = YES_AGGRESSIVE;
				GCC_WARN_UNUSED_FUNCTION = YES;
				GCC_WARN_UNUSED_VARIABLE = YES;
				IPHONEOS_DEPLOYMENT_TARGET = 8.0;
				MTL_ENABLE_DEBUG_INFO = NO;
				SDKROOT = iphoneos;
				TARGETED_DEVICE_FAMILY = "1,2";
				VALIDATE_PRODUCT = YES;
			};
			name = Release;
		};
		5B298D211B73ABA5004C9B15 /* Debug */ = {
			isa = XCBuildConfiguration;
			buildSettings = {
				ASSETCATALOG_COMPILER_APPICON_NAME = AppIcon;
				INFOPLIST_FILE = AZSoundManagerDemo/Info.plist;
				LD_RUNPATH_SEARCH_PATHS = "$(inherited) @executable_path/Frameworks";
				PRODUCT_NAME = "$(TARGET_NAME)";
			};
			name = Debug;
		};
		5B298D221B73ABA5004C9B15 /* Release */ = {
			isa = XCBuildConfiguration;
			buildSettings = {
				ASSETCATALOG_COMPILER_APPICON_NAME = AppIcon;
				INFOPLIST_FILE = AZSoundManagerDemo/Info.plist;
				LD_RUNPATH_SEARCH_PATHS = "$(inherited) @executable_path/Frameworks";
				PRODUCT_NAME = "$(TARGET_NAME)";
			};
			name = Release;
		};
/* End XCBuildConfiguration section */

/* Begin XCConfigurationList section */
		5B298CF81B73ABA5004C9B15 /* Build configuration list for PBXProject "AZSoundManagerDemo" */ = {
			isa = XCConfigurationList;
			buildConfigurations = (
				5B298D1E1B73ABA5004C9B15 /* Debug */,
				5B298D1F1B73ABA5004C9B15 /* Release */,
			);
			defaultConfigurationIsVisible = 0;
			defaultConfigurationName = Release;
		};
		5B298D201B73ABA5004C9B15 /* Build configuration list for PBXNativeTarget "AZSoundManagerDemo" */ = {
			isa = XCConfigurationList;
			buildConfigurations = (
				5B298D211B73ABA5004C9B15 /* Debug */,
				5B298D221B73ABA5004C9B15 /* Release */,
			);
			defaultConfigurationIsVisible = 0;
			defaultConfigurationName = Release;
		};
/* End XCConfigurationList section */
	};
	rootObject = 5B298CF51B73ABA5004C9B15 /* Project object */;
}
